{
  "requires": true,
  "lockfileVersion": 1,
  "dependencies": {
    "planck": {
      "version": "1.0.0-alpha.2",
      "resolved": "https://registry.npmjs.org/planck/-/planck-1.0.0-alpha.2.tgz",
      "integrity": "sha512-rJegXAJEEsYwNyxHMJjtq5OPAU4SZm8eZ5eYhiM6J7B0O1IzLFFTnRxKfaecyVcpkJqW/u2s2va4bnJ64jK89w==",
      "requires": {
        "stage-js": "^0.9.4"
      }
    },
    "planckjs": {
      "version": "0.0.0",
      "resolved": "https://registry.npmjs.org/planckjs/-/planckjs-0.0.0.tgz",
      "integrity": "sha1-YBhIGTOR3bPLeBMyVG4WgxO2q30="
    },
    "stage-js": {
      "version": "0.9.4",
      "resolved": "https://registry.npmjs.org/stage-js/-/stage-js-0.9.4.tgz",
      "integrity": "sha512-fNN6rkYD55T4NUxJE71hixXYS9DoyHVX5S8sQcq5yiozX1kqHP/wnByZwFfdAGNZjb5rROJ90zwb0EbM9U2Jqg=="
    }
  }
}
